{
  "name": "jlogviewer",
  "version": "1.7.0",
  "lockfileVersion": 3,
  "requires": true,
  "packages": {
    "": {
      "name": "jlogviewer",
      "version": "1.7.0",
      "license": "MIT",
      "dependencies": {
        "command-exists": "^1.2.9"
      },
      "bin": {
        "jlogviewer": "bin/jlogviewer",
        "jlogviewer_win.bat": "bin/jlogviewer_win.bat",
        "jlogviewer-app": "bin/jlogviewer-app",
        "jlogviewer-app_win.bat": "bin/jlogviewer-app_win.bat"
      }
    },
    "node_modules/command-exists": {
      "version": "1.2.9",
      "resolved": "https://registry.npmjs.org/command-exists/-/command-exists-1.2.9.tgz",
      "integrity": "sha512-LTQ/SGc+s0Xc0Fu5WaKnR0YiygZkm9eKFvyS+fRsU7/ZWFF8ykFM6Pc9aCVf1+xasOOZpO3BAVgVrKvsqKHV7w=="
    }
  }
}
